***REMOVED***
    "_readme": [
        "This file locks the dependencies of your project to a known state",
        "Read more about it at https://getcomposer.org/doc/01-basic-usage.md#composer-lock-the-lock-file",
        "This file is @generated automatically"
    ],
    "content-hash": "fbfcb19a81c323e0fe936b99d7e764a9",
    "packages": [
        ***REMOVED***
            "name": "bryanjhv/slim-session",
            "version": "3.3.0",
            "source": ***REMOVED***
                "type": "git",
                "url": "https://github.com/bryanjhv/slim-session.git",
                "reference": "d2bb057593be8fe015b86f2a4283f9af2231f6b9"
        ***REMOVED***,
            "dist": ***REMOVED***
                "type": "zip",
                "url": "https://api.github.com/repos/bryanjhv/slim-session/zipball/d2bb057593be8fe015b86f2a4283f9af2231f6b9",
                "reference": "d2bb057593be8fe015b86f2a4283f9af2231f6b9",
                "shasum": ""
        ***REMOVED***,
            "require": ***REMOVED***
                "php": ">=5.5",
                "slim/slim": "^3.0"
        ***REMOVED***,
            "require-dev": ***REMOVED***
                "phpunit/phpunit": "4.7.*"
        ***REMOVED***,
            "type": "library",
            "autoload": ***REMOVED***
                "psr-4": ***REMOVED***
                    "": "src/"
            ***REMOVED***
        ***REMOVED***,
            "notification-url": "https://packagist.org/downloads/",
            "license": [
                "MIT"
            ],
            "authors": [
                ***REMOVED***
                    "name": "Bryan Horna",
                    "email": "bryanjhv@gmail.com",
                    "homepage": "https://bryanjhv.github.io",
                    "role": "developer"
            ***REMOVED***
            ],
            "description": "Session middleware and helper for Slim framework 3.",
            "homepage": "https://github.com/bryanjhv/slim-session",
            "keywords": [
                "helper",
                "middleware",
                "session",
                "slim"
            ],
            "time": "2017-06-05T14:49:58+00:00"
    ***REMOVED***,
        ***REMOVED***
            "name": "cakephp/core",
            "version": "3.5.6",
            "source": ***REMOVED***
                "type": "git",
                "url": "https://github.com/cakephp/core.git",
                "reference": "6bf24edb1d870b4b21c20c392984499028df6b7b"
        ***REMOVED***,
            "dist": ***REMOVED***
                "type": "zip",
                "url": "https://api.github.com/repos/cakephp/core/zipball/6bf24edb1d870b4b21c20c392984499028df6b7b",
                "reference": "6bf24edb1d870b4b21c20c392984499028df6b7b",
                "shasum": ""
        ***REMOVED***,
            "require": ***REMOVED***
                "cakephp/utility": "^3.0.0",
                "php": ">=5.6.0"
        ***REMOVED***,
            "type": "library",
            "autoload": ***REMOVED***
                "psr-4": ***REMOVED***
                    "Cake\\Core\\": "."
            ***REMOVED***,
                "files": [
                    "functions.php"
                ]
        ***REMOVED***,
            "notification-url": "https://packagist.org/downloads/",
            "license": [
                "MIT"
            ],
            "authors": [
                ***REMOVED***
                    "name": "CakePHP Community",
                    "homepage": "https://github.com/cakephp/core/graphs/contributors"
            ***REMOVED***
            ],
            "description": "CakePHP Framework Core classes",
            "homepage": "https://cakephp.org",
            "keywords": [
                "cakephp",
                "core",
                "framework"
            ],
            "time": "2017-10-30T11:37:55+00:00"
    ***REMOVED***,
        ***REMOVED***
            "name": "cakephp/database",
            "version": "3.5.6",
            "source": ***REMOVED***
                "type": "git",
                "url": "https://github.com/cakephp/database.git",
                "reference": "5360c1607d063939d0fbacc79cf1713202c6f7da"
        ***REMOVED***,
            "dist": ***REMOVED***
                "type": "zip",
                "url": "https://api.github.com/repos/cakephp/database/zipball/5360c1607d063939d0fbacc79cf1713202c6f7da",
                "reference": "5360c1607d063939d0fbacc79cf1713202c6f7da",
                "shasum": ""
        ***REMOVED***,
            "require": ***REMOVED***
                "cakephp/core": "^3.0.0",
                "cakephp/datasource": "^3.0.0",
                "php": ">=5.6.0"
        ***REMOVED***,
            "suggest": ***REMOVED***
                "cakephp/cache": "Require this if you decide to use the schema caching feature",
                "cakephp/log": "Require this if you want to use the built-in query logger"
        ***REMOVED***,
            "type": "library",
            "autoload": ***REMOVED***
                "psr-4": ***REMOVED***
                    "Cake\\Database\\": "."
            ***REMOVED***
        ***REMOVED***,
            "notification-url": "https://packagist.org/downloads/",
            "license": [
                "MIT"
            ],
            "authors": [
                ***REMOVED***
                    "name": "CakePHP Community",
                    "homepage": "https://github.com/cakephp/database/graphs/contributors"
            ***REMOVED***
            ],
            "description": "Flexible and powerful Database abstraction library with a familiar PDO-like API",
            "homepage": "https://cakephp.org",
            "keywords": [
                "abstraction",
                "cakephp",
                "database",
                "database abstraction",
                "pdo"
            ],
            "time": "2017-11-06T19:00:18+00:00"
    ***REMOVED***,
        ***REMOVED***
            "name": "cakephp/datasource",
            "version": "3.5.6",
            "source": ***REMOVED***
                "type": "git",
                "url": "https://github.com/cakephp/datasource.git",
                "reference": "3347d5f6637c6a61c35c34e176f7eaba1564f272"
        ***REMOVED***,
            "dist": ***REMOVED***
                "type": "zip",
                "url": "https://api.github.com/repos/cakephp/datasource/zipball/3347d5f6637c6a61c35c34e176f7eaba1564f272",
                "reference": "3347d5f6637c6a61c35c34e176f7eaba1564f272",
                "shasum": ""
        ***REMOVED***,
            "require": ***REMOVED***
                "cakephp/core": "^3.0.0",
                "php": ">=5.6.0"
        ***REMOVED***,
            "suggest": ***REMOVED***
                "cakephp/collection": "Require this if you decide to use ResultSetInterface",
                "cakephp/utility": "Require this if you decide to use EntityTrait"
        ***REMOVED***,
            "type": "library",
            "autoload": ***REMOVED***
                "psr-4": ***REMOVED***
                    "Cake\\Datasource\\": "."
            ***REMOVED***
        ***REMOVED***,
            "notification-url": "https://packagist.org/downloads/",
            "license": [
                "MIT"
            ],
            "authors": [
                ***REMOVED***
                    "name": "CakePHP Community",
                    "homepage": "https://github.com/cakephp/datasource/graphs/contributors"
            ***REMOVED***
            ],
            "description": "Provides connection managing and traits for Entities and Queries that can be reused for different datastores",
            "homepage": "https://cakephp.org",
            "keywords": [
                "cakephp",
                "connection management",
                "datasource",
                "entity",
                "query"
            ],
            "time": "2017-10-07T02:22:32+00:00"
    ***REMOVED***,
        ***REMOVED***
            "name": "cakephp/utility",
            "version": "3.5.6",
            "source": ***REMOVED***
                "type": "git",
                "url": "https://github.com/cakephp/utility.git",
                "reference": "8a2ad21a06c3ddf11f4a8578990207406e9ff069"
        ***REMOVED***,
            "dist": ***REMOVED***
                "type": "zip",
                "url": "https://api.github.com/repos/cakephp/utility/zipball/8a2ad21a06c3ddf11f4a8578990207406e9ff069",
                "reference": "8a2ad21a06c3ddf11f4a8578990207406e9ff069",
                "shasum": ""
        ***REMOVED***,
            "require": ***REMOVED***
                "php": ">=5.6.0"
        ***REMOVED***,
            "suggest": ***REMOVED***
                "ext-intl": "To use Text::transliterate() or Text::slug()",
                "lib-ICU": "To use Text::transliterate() or Text::slug()"
        ***REMOVED***,
            "type": "library",
            "autoload": ***REMOVED***
                "psr-4": ***REMOVED***
                    "Cake\\Utility\\": "."
            ***REMOVED***,
                "files": [
                    "bootstrap.php"
                ]
        ***REMOVED***,
            "notification-url": "https://packagist.org/downloads/",
            "license": [
                "MIT"
            ],
            "authors": [
                ***REMOVED***
                    "name": "CakePHP Community",
                    "homepage": "https://github.com/cakephp/utility/graphs/contributors"
            ***REMOVED***
            ],
            "description": "CakePHP Utility classes such as Inflector, String, Hash, and Security",
            "homepage": "https://cakephp.org",
            "keywords": [
                "cakephp",
                "hash",
                "inflector",
                "security",
                "string",
                "utility"
            ],
            "time": "2017-10-05T07:41:24+00:00"
    ***REMOVED***,
        ***REMOVED***
            "name": "container-interop/container-interop",
            "version": "1.2.0",
            "source": ***REMOVED***
                "type": "git",
                "url": "https://github.com/container-interop/container-interop.git",
                "reference": "79cbf1341c22ec75643d841642dd5d6acd83bdb8"
        ***REMOVED***,
            "dist": ***REMOVED***
                "type": "zip",
                "url": "https://api.github.com/repos/container-interop/container-interop/zipball/79cbf1341c22ec75643d841642dd5d6acd83bdb8",
                "reference": "79cbf1341c22ec75643d841642dd5d6acd83bdb8",
                "shasum": ""
        ***REMOVED***,
            "require": ***REMOVED***
                "psr/container": "^1.0"
        ***REMOVED***,
            "type": "library",
            "autoload": ***REMOVED***
                "psr-4": ***REMOVED***
                    "Interop\\Container\\": "src/Interop/Container/"
            ***REMOVED***
        ***REMOVED***,
            "notification-url": "https://packagist.org/downloads/",
            "license": [
                "MIT"
            ],
            "description": "Promoting the interoperability of container objects (DIC, SL, etc.)",
            "homepage": "https://github.com/container-interop/container-interop",
            "time": "2017-02-14T19:40:03+00:00"
    ***REMOVED***,
        ***REMOVED***
            "name": "league/plates",
            "version": "3.3.0",
            "source": ***REMOVED***
                "type": "git",
                "url": "https://github.com/thephpleague/plates.git",
                "reference": "b1684b6f127714497a0ef927ce42c0b44b45a8af"
        ***REMOVED***,
            "dist": ***REMOVED***
                "type": "zip",
                "url": "https://api.github.com/repos/thephpleague/plates/zipball/b1684b6f127714497a0ef927ce42c0b44b45a8af",
                "reference": "b1684b6f127714497a0ef927ce42c0b44b45a8af",
                "shasum": ""
        ***REMOVED***,
            "require": ***REMOVED***
                "php": "^5.3 | ^7.0"
        ***REMOVED***,
            "require-dev": ***REMOVED***
                "mikey179/vfsstream": "^1.4",
                "phpunit/phpunit": "~4.0",
                "squizlabs/php_codesniffer": "~1.5"
        ***REMOVED***,
            "type": "library",
            "extra": ***REMOVED***
                "branch-alias": ***REMOVED***
                    "dev-master": "3.0-dev"
            ***REMOVED***
        ***REMOVED***,
            "autoload": ***REMOVED***
                "psr-4": ***REMOVED***
                    "League\\Plates\\": "src"
            ***REMOVED***
        ***REMOVED***,
            "notification-url": "https://packagist.org/downloads/",
            "license": [
                "MIT"
            ],
            "authors": [
                ***REMOVED***
                    "name": "Jonathan Reinink",
                    "email": "jonathan@reinink.ca",
                    "role": "Developer"
            ***REMOVED***
            ],
            "description": "Plates, the native PHP template system that's fast, easy to use and easy to extend.",
            "homepage": "http://platesphp.com",
            "keywords": [
                "league",
                "package",
                "templates",
                "templating",
                "views"
            ],
            "time": "2016-12-28T00:14:17+00:00"
    ***REMOVED***,
        ***REMOVED***
            "name": "nikic/fast-route",
            "version": "v1.2.0",
            "source": ***REMOVED***
                "type": "git",
                "url": "https://github.com/nikic/FastRoute.git",
                "reference": "b5f95749071c82a8e0f58586987627054400cdf6"
        ***REMOVED***,
            "dist": ***REMOVED***
                "type": "zip",
                "url": "https://api.github.com/repos/nikic/FastRoute/zipball/b5f95749071c82a8e0f58586987627054400cdf6",
                "reference": "b5f95749071c82a8e0f58586987627054400cdf6",
                "shasum": ""
        ***REMOVED***,
            "require": ***REMOVED***
                "php": ">=5.4.0"
        ***REMOVED***,
            "type": "library",
            "autoload": ***REMOVED***
                "psr-4": ***REMOVED***
                    "FastRoute\\": "src/"
            ***REMOVED***,
                "files": [
                    "src/functions.php"
                ]
        ***REMOVED***,
            "notification-url": "https://packagist.org/downloads/",
            "license": [
                "BSD-3-Clause"
            ],
            "authors": [
                ***REMOVED***
                    "name": "Nikita Popov",
                    "email": "nikic@php.net"
            ***REMOVED***
            ],
            "description": "Fast request router for PHP",
            "keywords": [
                "router",
                "routing"
            ],
            "time": "2017-01-19T11:35:12+00:00"
    ***REMOVED***,
        ***REMOVED***
            "name": "odan/plates-asset-cache",
            "version": "0.3.5",
            "source": ***REMOVED***
                "type": "git",
                "url": "https://github.com/odan/plates-asset-cache.git",
                "reference": "96d6388f280e85ca92aa76ace6837cef4dbe2b43"
        ***REMOVED***,
            "dist": ***REMOVED***
                "type": "zip",
                "url": "https://api.github.com/repos/odan/plates-asset-cache/zipball/96d6388f280e85ca92aa76ace6837cef4dbe2b43",
                "reference": "96d6388f280e85ca92aa76ace6837cef4dbe2b43",
                "shasum": ""
        ***REMOVED***,
            "require": ***REMOVED***
                "php": "^7.0",
                "symfony/cache": "^3.2"
        ***REMOVED***,
            "require-dev": ***REMOVED***
                "league/plates": "3.*",
                "mikey179/vfsstream": "^1.6",
                "phpunit/phpunit": "^6.0"
        ***REMOVED***,
            "type": "library",
            "autoload": ***REMOVED***
                "psr-4": ***REMOVED***
                    "Odan\\": "src",
                    "Odan\\Test\\": "tests"
            ***REMOVED***
        ***REMOVED***,
            "notification-url": "https://packagist.org/downloads/",
            "license": [
                "MIT"
            ],
            "authors": [
                ***REMOVED***
                    "name": "odan",
                    "homepage": "https://github.com/odan"
            ***REMOVED***
            ],
            "description": "Caching and compression for Plates template assets (JavaScript and CSS).",
            "homepage": "http://github.com/odan/plates-asset-cache",
            "keywords": [
                "assets",
                "cache",
                "css",
                "javascript",
                "minify",
                "plates"
            ],
            "time": "2017-04-25T23:17:46+00:00"
    ***REMOVED***,
        ***REMOVED***
            "name": "odan/plates-data-extension",
            "version": "0.3.0",
            "source": ***REMOVED***
                "type": "git",
                "url": "https://github.com/odan/plates-data-extension.git",
                "reference": "ec269ba15979bd39706c212e73b55999ee9a01c9"
        ***REMOVED***,
            "dist": ***REMOVED***
                "type": "zip",
                "url": "https://api.github.com/repos/odan/plates-data-extension/zipball/ec269ba15979bd39706c212e73b55999ee9a01c9",
                "reference": "ec269ba15979bd39706c212e73b55999ee9a01c9",
                "shasum": ""
        ***REMOVED***,
            "require": ***REMOVED***
                "php": "^5.6 | ^7.0"
        ***REMOVED***,
            "require-dev": ***REMOVED***
                "league/plates": "^3.3.0",
                "mikey179/vfsstream": "~1.4.0",
                "phpunit/phpunit": "^5.4"
        ***REMOVED***,
            "type": "library",
            "autoload": ***REMOVED***
                "psr-4": ***REMOVED***
                    "Odan\\": "src",
                    "Odan\\Test\\": "tests"
            ***REMOVED***
        ***REMOVED***,
            "notification-url": "https://packagist.org/downloads/",
            "license": [
                "MIT"
            ],
            "authors": [
                ***REMOVED***
                    "name": "odan",
                    "homepage": "https://github.com/odan"
            ***REMOVED***
            ],
            "description": "Plates Data Extension. Get rid of undefined varibale names and undefined array fields.",
            "homepage": "http://github.com/odan/plates-data-extension",
            "keywords": [
                "data",
                "plates",
                "template",
                "variable"
            ],
            "time": "2017-05-01T09:36:24+00:00"
    ***REMOVED***,
        ***REMOVED***
            "name": "pimple/pimple",
            "version": "v3.2.2",
            "source": ***REMOVED***
                "type": "git",
                "url": "https://github.com/silexphp/Pimple.git",
                "reference": "4d45fb62d96418396ec58ba76e6f065bca16e10a"
        ***REMOVED***,
            "dist": ***REMOVED***
                "type": "zip",
                "url": "https://api.github.com/repos/silexphp/Pimple/zipball/4d45fb62d96418396ec58ba76e6f065bca16e10a",
                "reference": "4d45fb62d96418396ec58ba76e6f065bca16e10a",
                "shasum": ""
        ***REMOVED***,
            "require": ***REMOVED***
                "php": ">=5.3.0",
                "psr/container": "^1.0"
        ***REMOVED***,
            "require-dev": ***REMOVED***
                "symfony/phpunit-bridge": "^3.2"
        ***REMOVED***,
            "type": "library",
            "extra": ***REMOVED***
                "branch-alias": ***REMOVED***
                    "dev-master": "3.2.x-dev"
            ***REMOVED***
        ***REMOVED***,
            "autoload": ***REMOVED***
                "psr-0": ***REMOVED***
                    "Pimple": "src/"
            ***REMOVED***
        ***REMOVED***,
            "notification-url": "https://packagist.org/downloads/",
            "license": [
                "MIT"
            ],
            "authors": [
                ***REMOVED***
                    "name": "Fabien Potencier",
                    "email": "fabien@symfony.com"
            ***REMOVED***
            ],
            "description": "Pimple, a simple Dependency Injection Container",
            "homepage": "http://pimple.sensiolabs.org",
            "keywords": [
                "container",
                "dependency injection"
            ],
            "time": "2017-07-23T07:32:15+00:00"
    ***REMOVED***,
        ***REMOVED***
            "name": "psr/cache",
            "version": "1.0.1",
            "source": ***REMOVED***
                "type": "git",
                "url": "https://github.com/php-fig/cache.git",
                "reference": "d11b50ad223250cf17b86e38383413f5a6764bf8"
        ***REMOVED***,
            "dist": ***REMOVED***
                "type": "zip",
                "url": "https://api.github.com/repos/php-fig/cache/zipball/d11b50ad223250cf17b86e38383413f5a6764bf8",
                "reference": "d11b50ad223250cf17b86e38383413f5a6764bf8",
                "shasum": ""
        ***REMOVED***,
            "require": ***REMOVED***
                "php": ">=5.3.0"
        ***REMOVED***,
            "type": "library",
            "extra": ***REMOVED***
                "branch-alias": ***REMOVED***
                    "dev-master": "1.0.x-dev"
            ***REMOVED***
        ***REMOVED***,
            "autoload": ***REMOVED***
                "psr-4": ***REMOVED***
                    "Psr\\Cache\\": "src/"
            ***REMOVED***
        ***REMOVED***,
            "notification-url": "https://packagist.org/downloads/",
            "license": [
                "MIT"
            ],
            "authors": [
                ***REMOVED***
                    "name": "PHP-FIG",
                    "homepage": "http://www.php-fig.org/"
            ***REMOVED***
            ],
            "description": "Common interface for caching libraries",
            "keywords": [
                "cache",
                "psr",
                "psr-6"
            ],
            "time": "2016-08-06T20:24:11+00:00"
    ***REMOVED***,
        ***REMOVED***
            "name": "psr/container",
            "version": "1.0.0",
            "source": ***REMOVED***
                "type": "git",
                "url": "https://github.com/php-fig/container.git",
                "reference": "b7ce3b176482dbbc1245ebf52b181af44c2cf55f"
        ***REMOVED***,
            "dist": ***REMOVED***
                "type": "zip",
                "url": "https://api.github.com/repos/php-fig/container/zipball/b7ce3b176482dbbc1245ebf52b181af44c2cf55f",
                "reference": "b7ce3b176482dbbc1245ebf52b181af44c2cf55f",
                "shasum": ""
        ***REMOVED***,
            "require": ***REMOVED***
                "php": ">=5.3.0"
        ***REMOVED***,
            "type": "library",
            "extra": ***REMOVED***
                "branch-alias": ***REMOVED***
                    "dev-master": "1.0.x-dev"
            ***REMOVED***
        ***REMOVED***,
            "autoload": ***REMOVED***
                "psr-4": ***REMOVED***
                    "Psr\\Container\\": "src/"
            ***REMOVED***
        ***REMOVED***,
            "notification-url": "https://packagist.org/downloads/",
            "license": [
                "MIT"
            ],
            "authors": [
                ***REMOVED***
                    "name": "PHP-FIG",
                    "homepage": "http://www.php-fig.org/"
            ***REMOVED***
            ],
            "description": "Common Container Interface (PHP FIG PSR-11)",
            "homepage": "https://github.com/php-fig/container",
            "keywords": [
                "PSR-11",
                "container",
                "container-interface",
                "container-interop",
                "psr"
            ],
            "time": "2017-02-14T16:28:37+00:00"
    ***REMOVED***,
        ***REMOVED***
            "name": "psr/http-message",
            "version": "1.0.1",
            "source": ***REMOVED***
                "type": "git",
                "url": "https://github.com/php-fig/http-message.git",
                "reference": "f6561bf28d520154e4b0ec72be95418abe6d9363"
        ***REMOVED***,
            "dist": ***REMOVED***
                "type": "zip",
                "url": "https://api.github.com/repos/php-fig/http-message/zipball/f6561bf28d520154e4b0ec72be95418abe6d9363",
                "reference": "f6561bf28d520154e4b0ec72be95418abe6d9363",
                "shasum": ""
        ***REMOVED***,
            "require": ***REMOVED***
                "php": ">=5.3.0"
        ***REMOVED***,
            "type": "library",
            "extra": ***REMOVED***
                "branch-alias": ***REMOVED***
                    "dev-master": "1.0.x-dev"
            ***REMOVED***
        ***REMOVED***,
            "autoload": ***REMOVED***
                "psr-4": ***REMOVED***
                    "Psr\\Http\\Message\\": "src/"
            ***REMOVED***
        ***REMOVED***,
            "notification-url": "https://packagist.org/downloads/",
            "license": [
                "MIT"
            ],
            "authors": [
                ***REMOVED***
                    "name": "PHP-FIG",
                    "homepage": "http://www.php-fig.org/"
            ***REMOVED***
            ],
            "description": "Common interface for HTTP messages",
            "homepage": "https://github.com/php-fig/http-message",
            "keywords": [
                "http",
                "http-message",
                "psr",
                "psr-7",
                "request",
                "response"
            ],
            "time": "2016-08-06T14:39:51+00:00"
    ***REMOVED***,
        ***REMOVED***
            "name": "psr/log",
            "version": "1.0.2",
            "source": ***REMOVED***
                "type": "git",
                "url": "https://github.com/php-fig/log.git",
                "reference": "4ebe3a8bf773a19edfe0a84b6585ba3d401b724d"
        ***REMOVED***,
            "dist": ***REMOVED***
                "type": "zip",
                "url": "https://api.github.com/repos/php-fig/log/zipball/4ebe3a8bf773a19edfe0a84b6585ba3d401b724d",
                "reference": "4ebe3a8bf773a19edfe0a84b6585ba3d401b724d",
                "shasum": ""
        ***REMOVED***,
            "require": ***REMOVED***
                "php": ">=5.3.0"
        ***REMOVED***,
            "type": "library",
            "extra": ***REMOVED***
                "branch-alias": ***REMOVED***
                    "dev-master": "1.0.x-dev"
            ***REMOVED***
        ***REMOVED***,
            "autoload": ***REMOVED***
                "psr-4": ***REMOVED***
                    "Psr\\Log\\": "Psr/Log/"
            ***REMOVED***
        ***REMOVED***,
            "notification-url": "https://packagist.org/downloads/",
            "license": [
                "MIT"
            ],
            "authors": [
                ***REMOVED***
                    "name": "PHP-FIG",
                    "homepage": "http://www.php-fig.org/"
            ***REMOVED***
            ],
            "description": "Common interface for logging libraries",
            "homepage": "https://github.com/php-fig/log",
            "keywords": [
                "log",
                "psr",
                "psr-3"
            ],
            "time": "2016-10-10T12:19:37+00:00"
    ***REMOVED***,
        ***REMOVED***
            "name": "psr/simple-cache",
            "version": "1.0.0",
            "source": ***REMOVED***
                "type": "git",
                "url": "https://github.com/php-fig/simple-cache.git",
                "reference": "753fa598e8f3b9966c886fe13f370baa45ef0e24"
        ***REMOVED***,
            "dist": ***REMOVED***
                "type": "zip",
                "url": "https://api.github.com/repos/php-fig/simple-cache/zipball/753fa598e8f3b9966c886fe13f370baa45ef0e24",
                "reference": "753fa598e8f3b9966c886fe13f370baa45ef0e24",
                "shasum": ""
        ***REMOVED***,
            "require": ***REMOVED***
                "php": ">=5.3.0"
        ***REMOVED***,
            "type": "library",
            "extra": ***REMOVED***
                "branch-alias": ***REMOVED***
                    "dev-master": "1.0.x-dev"
            ***REMOVED***
        ***REMOVED***,
            "autoload": ***REMOVED***
                "psr-4": ***REMOVED***
                    "Psr\\SimpleCache\\": "src/"
            ***REMOVED***
        ***REMOVED***,
            "notification-url": "https://packagist.org/downloads/",
            "license": [
                "MIT"
            ],
            "authors": [
                ***REMOVED***
                    "name": "PHP-FIG",
                    "homepage": "http://www.php-fig.org/"
            ***REMOVED***
            ],
            "description": "Common interfaces for simple caching",
            "keywords": [
                "cache",
                "caching",
                "psr",
                "psr-16",
                "simple-cache"
            ],
            "time": "2017-01-02T13:31:39+00:00"
    ***REMOVED***,
        ***REMOVED***
            "name": "slim/slim",
            "version": "3.9.0",
            "source": ***REMOVED***
                "type": "git",
                "url": "https://github.com/slimphp/Slim.git",
                "reference": "575a8b53a0a489447915029c69680156cd355304"
        ***REMOVED***,
            "dist": ***REMOVED***
                "type": "zip",
                "url": "https://api.github.com/repos/slimphp/Slim/zipball/575a8b53a0a489447915029c69680156cd355304",
                "reference": "575a8b53a0a489447915029c69680156cd355304",
                "shasum": ""
        ***REMOVED***,
            "require": ***REMOVED***
                "container-interop/container-interop": "^1.2",
                "nikic/fast-route": "^1.0",
                "php": ">=5.5.0",
                "pimple/pimple": "^3.0",
                "psr/container": "^1.0",
                "psr/http-message": "^1.0"
        ***REMOVED***,
            "provide": ***REMOVED***
                "psr/http-message-implementation": "1.0"
        ***REMOVED***,
            "require-dev": ***REMOVED***
                "phpunit/phpunit": "^4.0",
                "squizlabs/php_codesniffer": "^2.5"
        ***REMOVED***,
            "type": "library",
            "autoload": ***REMOVED***
                "psr-4": ***REMOVED***
                    "Slim\\": "Slim"
            ***REMOVED***
        ***REMOVED***,
            "notification-url": "https://packagist.org/downloads/",
            "license": [
                "MIT"
            ],
            "authors": [
                ***REMOVED***
                    "name": "Rob Allen",
                    "email": "rob@akrabat.com",
                    "homepage": "http://akrabat.com"
            ***REMOVED***,
                ***REMOVED***
                    "name": "Josh Lockhart",
                    "email": "hello@joshlockhart.com",
                    "homepage": "https://joshlockhart.com"
            ***REMOVED***,
                ***REMOVED***
                    "name": "Gabriel Manricks",
                    "email": "gmanricks@me.com",
                    "homepage": "http://gabrielmanricks.com"
            ***REMOVED***,
                ***REMOVED***
                    "name": "Andrew Smith",
                    "email": "a.smith@silentworks.co.uk",
                    "homepage": "http://silentworks.co.uk"
            ***REMOVED***
            ],
            "description": "Slim is a PHP micro framework that helps you quickly write simple yet powerful web applications and APIs",
            "homepage": "https://slimframework.com",
            "keywords": [
                "api",
                "framework",
                "micro",
                "router"
            ],
            "time": "2017-11-04T08:46:46+00:00"
    ***REMOVED***,
        ***REMOVED***
            "name": "symfony/cache",
            "version": "v3.3.13",
            "source": ***REMOVED***
                "type": "git",
                "url": "https://github.com/symfony/cache.git",
                "reference": "49aadc35cc8ae6646cdc39ebdeaceb6712769c9f"
        ***REMOVED***,
            "dist": ***REMOVED***
                "type": "zip",
                "url": "https://api.github.com/repos/symfony/cache/zipball/49aadc35cc8ae6646cdc39ebdeaceb6712769c9f",
                "reference": "49aadc35cc8ae6646cdc39ebdeaceb6712769c9f",
                "shasum": ""
        ***REMOVED***,
            "require": ***REMOVED***
                "php": "^5.5.9|>=7.0.8",
                "psr/cache": "~1.0",
                "psr/log": "~1.0",
                "psr/simple-cache": "^1.0",
                "symfony/polyfill-apcu": "~1.1"
        ***REMOVED***,
            "conflict": ***REMOVED***
                "symfony/var-dumper": "<3.3"
        ***REMOVED***,
            "provide": ***REMOVED***
                "psr/cache-implementation": "1.0",
                "psr/simple-cache-implementation": "1.0"
        ***REMOVED***,
            "require-dev": ***REMOVED***
                "cache/integration-tests": "dev-master",
                "doctrine/cache": "~1.6",
                "doctrine/dbal": "~2.4",
                "predis/predis": "~1.0"
        ***REMOVED***,
            "type": "library",
            "extra": ***REMOVED***
                "branch-alias": ***REMOVED***
                    "dev-master": "3.3-dev"
            ***REMOVED***
        ***REMOVED***,
            "autoload": ***REMOVED***
                "psr-4": ***REMOVED***
                    "Symfony\\Component\\Cache\\": ""
            ***REMOVED***,
                "exclude-from-classmap": [
                    "/Tests/"
                ]
        ***REMOVED***,
            "notification-url": "https://packagist.org/downloads/",
            "license": [
                "MIT"
            ],
            "authors": [
                ***REMOVED***
                    "name": "Nicolas Grekas",
                    "email": "p@tchwork.com"
            ***REMOVED***,
                ***REMOVED***
                    "name": "Symfony Community",
                    "homepage": "https://symfony.com/contributors"
            ***REMOVED***
            ],
            "description": "Symfony Cache component with PSR-6, PSR-16, and tags",
            "homepage": "https://symfony.com",
            "keywords": [
                "caching",
                "psr6"
            ],
            "time": "2017-11-07T14:16:22+00:00"
    ***REMOVED***,
        ***REMOVED***
            "name": "symfony/polyfill-apcu",
            "version": "v1.6.0",
            "source": ***REMOVED***
                "type": "git",
                "url": "https://github.com/symfony/polyfill-apcu.git",
                "reference": "04f62674339602def515bff4bc6901fc1d4951e8"
        ***REMOVED***,
            "dist": ***REMOVED***
                "type": "zip",
                "url": "https://api.github.com/repos/symfony/polyfill-apcu/zipball/04f62674339602def515bff4bc6901fc1d4951e8",
                "reference": "04f62674339602def515bff4bc6901fc1d4951e8",
                "shasum": ""
        ***REMOVED***,
            "require": ***REMOVED***
                "php": ">=5.3.3"
        ***REMOVED***,
            "type": "library",
            "extra": ***REMOVED***
                "branch-alias": ***REMOVED***
                    "dev-master": "1.6-dev"
            ***REMOVED***
        ***REMOVED***,
            "autoload": ***REMOVED***
                "psr-4": ***REMOVED***
                    "Symfony\\Polyfill\\Apcu\\": ""
            ***REMOVED***,
                "files": [
                    "bootstrap.php"
                ]
        ***REMOVED***,
            "notification-url": "https://packagist.org/downloads/",
            "license": [
                "MIT"
            ],
            "authors": [
                ***REMOVED***
                    "name": "Nicolas Grekas",
                    "email": "p@tchwork.com"
            ***REMOVED***,
                ***REMOVED***
                    "name": "Symfony Community",
                    "homepage": "https://symfony.com/contributors"
            ***REMOVED***
            ],
            "description": "Symfony polyfill backporting apcu_* functions to lower PHP versions",
            "homepage": "https://symfony.com",
            "keywords": [
                "apcu",
                "compatibility",
                "polyfill",
                "portable",
                "shim"
            ],
            "time": "2017-10-11T12:05:26+00:00"
    ***REMOVED***
    ],
    "packages-dev": [],
    "aliases": [],
    "minimum-stability": "stable",
    "stability-flags": [],
    "prefer-stable": false,
    "prefer-lowest": false,
    "platform": [],
    "platform-dev": []
***REMOVED***
